
Microsoft Visual Studio Solution File, Format Version 12.00
# Visual Studio 14
VisualStudioVersion = 14.0.25420.1
MinimumVisualStudioVersion = 10.0.40219.1
Project("{2150E333-8FDC-42A3-9474-1A3956D46DE8}") = "Data", "Data", "{FB588E3E-7CF2-42DE-A7E2-4BAD26A42DEE}"
EndProject
Project("{2150E333-8FDC-42A3-9474-1A3956D46DE8}") = "Services", "Services", "{9460B648-B35A-4E93-8E2E-499BFCDA29E0}"
EndProject
Project("{2150E333-8FDC-42A3-9474-1A3956D46DE8}") = "Tests", "Tests", "{608BA8D9-61AB-4AF2-8B8E-7C7AA424DF6A}"
EndProject
Project("{2150E333-8FDC-42A3-9474-1A3956D46DE8}") = "Web", "Web", "{738795A5-778A-46F0-9BF1-0688E3BE251A}"
EndProject
Project("{FAE04EC0-301F-11D3-BF4B-00C04F79EFBC}") = "MvcTemplate.Web", "Web\MvcTemplate.Web\MvcTemplate.Web.csproj", "{C5D8AC38-1A90-4853-9662-78559DB93D1B}"
EndProject
Project("{FAE04EC0-301F-11D3-BF4B-00C04F79EFBC}") = "MvcTemplate.Data.Models", "Data\MvcTemplate.Data.Models\MvcTemplate.Data.Models.csproj", "{6F9DDD2A-DDE1-459F-AE03-AE351DCCD02C}"
EndProject
Project("{FAE04EC0-301F-11D3-BF4B-00C04F79EFBC}") = "MvcTemplate.Data.Common", "Data\MvcTemplate.Data.Common\MvcTemplate.Data.Common.csproj", "{149B0683-419F-4AC1-B85D-F9D46EA4BBB5}"
EndProject
Project("{FAE04EC0-301F-11D3-BF4B-00C04F79EFBC}") = "MvcTemplate.Data", "Data\MvcTemplate.Data\MvcTemplate.Data.csproj", "{9337B30D-F517-4B11-B3BD-9B5E5A182DB0}"
EndProject
Project("{FAE04EC0-301F-11D3-BF4B-00C04F79EFBC}") = "MvcTemplate.Web.Infrastructure", "Web\MvcTemplate.Web.Infrastructure\MvcTemplate.Web.Infrastructure.csproj", "{172E24C6-D98B-4464-8E05-0BBCB073976A}"
EndProject
Project("{FAE04EC0-301F-11D3-BF4B-00C04F79EFBC}") = "MvcTemplate.Services.Data", "Services\MvcTemplate.Services.Data\MvcTemplate.Services.Data.csproj", "{F5D7D202-E5A3-4626-86C7-8828143FA759}"
EndProject
Project("{FAE04EC0-301F-11D3-BF4B-00C04F79EFBC}") = "MvcTemplate.Common", "MvcTemplate.Common\MvcTemplate.Common.csproj", "{8A233A69-A458-4865-9D3E-CC1608AC2951}"
EndProject
Project("{2150E333-8FDC-42A3-9474-1A3956D46DE8}") = "Tools", "Tools", "{EEE4EBE2-43CF-42A4-873C-B653AFCD3191}"
EndProject
Project("{FAE04EC0-301F-11D3-BF4B-00C04F79EFBC}") = "Crawler", "Tools\Crawler\Crawler.csproj", "{30F0011F-7A6D-4EA9-8448-E749E8D33CEB}"
EndProject
Project("{FAE04EC0-301F-11D3-BF4B-00C04F79EFBC}") = "MvcTemplate.Services.Web", "Services\MvcTemplate.Services.Web\MvcTemplate.Services.Web.csproj", "{D9CB1EFE-6260-4E31-946C-9075F5071743}"
EndProject
Project("{FAE04EC0-301F-11D3-BF4B-00C04F79EFBC}") = "MvcTemplates.Services.Web.Tests", "Tests\MvcTemplates.Services.Web.Tests\MvcTemplates.Services.Web.Tests.csproj", "{EB3640E9-A7BC-48B2-BFD9-8386AB639833}"
EndProject
Project("{FAE04EC0-301F-11D3-BF4B-00C04F79EFBC}") = "MvcTemplate.Web.Routes.Tests", "Tests\MvcTemplate.Web.Routes.Tests\MvcTemplate.Web.Routes.Tests.csproj", "{5492F057-6508-4968-A9A2-8261288A7B0D}"
EndProject
Project("{FAE04EC0-301F-11D3-BF4B-00C04F79EFBC}") = "MvcTemplate.Web.Controllers.Tests", "Tests\MvcTemplate.Web.Controllers.Tests\MvcTemplate.Web.Controllers.Tests.csproj", "{31C34A95-684A-4C23-B4E5-77D0932EB35F}"
EndProject
Global
	GlobalSection(SolutionConfigurationPlatforms) = preSolution
		Debug|Any CPU = Debug|Any CPU
		Release|Any CPU = Release|Any CPU
	EndGlobalSection
	GlobalSection(ProjectConfigurationPlatforms) = postSolution
		{C5D8AC38-1A90-4853-9662-78559DB93D1B}.Debug|Any CPU.ActiveCfg = Debug|Any CPU
		{C5D8AC38-1A90-4853-9662-78559DB93D1B}.Debug|Any CPU.Build.0 = Debug|Any CPU
		{C5D8AC38-1A90-4853-9662-78559DB93D1B}.Release|Any CPU.ActiveCfg = Release|Any CPU
		{C5D8AC38-1A90-4853-9662-78559DB93D1B}.Release|Any CPU.Build.0 = Release|Any CPU
		{6F9DDD2A-DDE1-459F-AE03-AE351DCCD02C}.Debug|Any CPU.ActiveCfg = Debug|Any CPU
		{6F9DDD2A-DDE1-459F-AE03-AE351DCCD02C}.Debug|Any CPU.Build.0 = Debug|Any CPU
		{6F9DDD2A-DDE1-459F-AE03-AE351DCCD02C}.Release|Any CPU.ActiveCfg = Release|Any CPU
		{6F9DDD2A-DDE1-459F-AE03-AE351DCCD02C}.Release|Any CPU.Build.0 = Release|Any CPU
		{149B0683-419F-4AC1-B85D-F9D46EA4BBB5}.Debug|Any CPU.ActiveCfg = Debug|Any CPU
		{149B0683-419F-4AC1-B85D-F9D46EA4BBB5}.Debug|Any CPU.Build.0 = Debug|Any CPU
		{149B0683-419F-4AC1-B85D-F9D46EA4BBB5}.Release|Any CPU.ActiveCfg = Release|Any CPU
		{149B0683-419F-4AC1-B85D-F9D46EA4BBB5}.Release|Any CPU.Build.0 = Release|Any CPU
		{9337B30D-F517-4B11-B3BD-9B5E5A182DB0}.Debug|Any CPU.ActiveCfg = Debug|Any CPU
		{9337B30D-F517-4B11-B3BD-9B5E5A182DB0}.Debug|Any CPU.Build.0 = Debug|Any CPU
		{9337B30D-F517-4B11-B3BD-9B5E5A182DB0}.Release|Any CPU.ActiveCfg = Release|Any CPU
		{9337B30D-F517-4B11-B3BD-9B5E5A182DB0}.Release|Any CPU.Build.0 = Release|Any CPU
		{172E24C6-D98B-4464-8E05-0BBCB073976A}.Debug|Any CPU.ActiveCfg = Debug|Any CPU
		{172E24C6-D98B-4464-8E05-0BBCB073976A}.Debug|Any CPU.Build.0 = Debug|Any CPU
		{172E24C6-D98B-4464-8E05-0BBCB073976A}.Release|Any CPU.ActiveCfg = Release|Any CPU
		{172E24C6-D98B-4464-8E05-0BBCB073976A}.Release|Any CPU.Build.0 = Release|Any CPU
		{F5D7D202-E5A3-4626-86C7-8828143FA759}.Debug|Any CPU.ActiveCfg = Debug|Any CPU
		{F5D7D202-E5A3-4626-86C7-8828143FA759}.Debug|Any CPU.Build.0 = Debug|Any CPU
		{F5D7D202-E5A3-4626-86C7-8828143FA759}.Release|Any CPU.ActiveCfg = Release|Any CPU
		{F5D7D202-E5A3-4626-86C7-8828143FA759}.Release|Any CPU.Build.0 = Release|Any CPU
		{8A233A69-A458-4865-9D3E-CC1608AC2951}.Debug|Any CPU.ActiveCfg = Debug|Any CPU
		{8A233A69-A458-4865-9D3E-CC1608AC2951}.Debug|Any CPU.Build.0 = Debug|Any CPU
		{8A233A69-A458-4865-9D3E-CC1608AC2951}.Release|Any CPU.ActiveCfg = Release|Any CPU
		{8A233A69-A458-4865-9D3E-CC1608AC2951}.Release|Any CPU.Build.0 = Release|Any CPU
		{30F0011F-7A6D-4EA9-8448-E749E8D33CEB}.Debug|Any CPU.ActiveCfg = Debug|Any CPU
		{30F0011F-7A6D-4EA9-8448-E749E8D33CEB}.Debug|Any CPU.Build.0 = Debug|Any CPU
		{30F0011F-7A6D-4EA9-8448-E749E8D33CEB}.Release|Any CPU.ActiveCfg = Release|Any CPU
		{30F0011F-7A6D-4EA9-8448-E749E8D33CEB}.Release|Any CPU.Build.0 = Release|Any CPU
		{D9CB1EFE-6260-4E31-946C-9075F5071743}.Debug|Any CPU.ActiveCfg = Debug|Any CPU
		{D9CB1EFE-6260-4E31-946C-9075F5071743}.Debug|Any CPU.Build.0 = Debug|Any CPU
		{D9CB1EFE-6260-4E31-946C-9075F5071743}.Release|Any CPU.ActiveCfg = Release|Any CPU
		{D9CB1EFE-6260-4E31-946C-9075F5071743}.Release|Any CPU.Build.0 = Release|Any CPU
		{EB3640E9-A7BC-48B2-BFD9-8386AB639833}.Debug|Any CPU.ActiveCfg = Debug|Any CPU
		{EB3640E9-A7BC-48B2-BFD9-8386AB639833}.Debug|Any CPU.Build.0 = Debug|Any CPU
		{EB3640E9-A7BC-48B2-BFD9-8386AB639833}.Release|Any CPU.ActiveCfg = Release|Any CPU
		{EB3640E9-A7BC-48B2-BFD9-8386AB639833}.Release|Any CPU.Build.0 = Release|Any CPU
		{5492F057-6508-4968-A9A2-8261288A7B0D}.Debug|Any CPU.ActiveCfg = Debug|Any CPU
		{5492F057-6508-4968-A9A2-8261288A7B0D}.Debug|Any CPU.Build.0 = Debug|Any CPU
		{5492F057-6508-4968-A9A2-8261288A7B0D}.Release|Any CPU.ActiveCfg = Release|Any CPU
		{5492F057-6508-4968-A9A2-8261288A7B0D}.Release|Any CPU.Build.0 = Release|Any CPU
		{31C34A95-684A-4C23-B4E5-77D0932EB35F}.Debug|Any CPU.ActiveCfg = Debug|Any CPU
		{31C34A95-684A-4C23-B4E5-77D0932EB35F}.Debug|Any CPU.Build.0 = Debug|Any CPU
		{31C34A95-684A-4C23-B4E5-77D0932EB35F}.Release|Any CPU.ActiveCfg = Release|Any CPU
		{31C34A95-684A-4C23-B4E5-77D0932EB35F}.Release|Any CPU.Build.0 = Release|Any CPU
	EndGlobalSection
	GlobalSection(SolutionProperties) = preSolution
		HideSolutionNode = FALSE
	EndGlobalSection
	GlobalSection(NestedProjects) = preSolution
		{C5D8AC38-1A90-4853-9662-78559DB93D1B} = {738795A5-778A-46F0-9BF1-0688E3BE251A}
		{6F9DDD2A-DDE1-459F-AE03-AE351DCCD02C} = {FB588E3E-7CF2-42DE-A7E2-4BAD26A42DEE}
		{149B0683-419F-4AC1-B85D-F9D46EA4BBB5} = {FB588E3E-7CF2-42DE-A7E2-4BAD26A42DEE}
		{9337B30D-F517-4B11-B3BD-9B5E5A182DB0} = {FB588E3E-7CF2-42DE-A7E2-4BAD26A42DEE}
		{172E24C6-D98B-4464-8E05-0BBCB073976A} = {738795A5-778A-46F0-9BF1-0688E3BE251A}
		{F5D7D202-E5A3-4626-86C7-8828143FA759} = {9460B648-B35A-4E93-8E2E-499BFCDA29E0}
		{30F0011F-7A6D-4EA9-8448-E749E8D33CEB} = {EEE4EBE2-43CF-42A4-873C-B653AFCD3191}
		{D9CB1EFE-6260-4E31-946C-9075F5071743} = {9460B648-B35A-4E93-8E2E-499BFCDA29E0}
		{EB3640E9-A7BC-48B2-BFD9-8386AB639833} = {608BA8D9-61AB-4AF2-8B8E-7C7AA424DF6A}
		{5492F057-6508-4968-A9A2-8261288A7B0D} = {608BA8D9-61AB-4AF2-8B8E-7C7AA424DF6A}
		{31C34A95-684A-4C23-B4E5-77D0932EB35F} = {608BA8D9-61AB-4AF2-8B8E-7C7AA424DF6A}
	EndGlobalSection
EndGlobal
